// !$*UTF8*$!
{
	archiveVersion = 1;
	classes = {
	};
	objectVersion = 46;
	objects = {

/* Begin PBXBuildFile section */
		EB7A7E351DB227530040544C /* BBOCollectionViewFlowLayout.swift in Sources */ = {isa = PBXBuildFile; fileRef = EB7A7E341DB227530040544C /* BBOCollectionViewFlowLayout.swift */; };
		EB7A7E381DB250CE0040544C /* CollectionViewCell.xib in Resources */ = {isa = PBXBuildFile; fileRef = EB7A7E361DB250CE0040544C /* CollectionViewCell.xib */; };
		EB7A7E391DB250CE0040544C /* CollectionViewHeader.xib in Resources */ = {isa = PBXBuildFile; fileRef = EB7A7E371DB250CE0040544C /* CollectionViewHeader.xib */; };
		EB972E311DB1F2FA00715881 /* AppDelegate.swift in Sources */ = {isa = PBXBuildFile; fileRef = EB972E301DB1F2FA00715881 /* AppDelegate.swift */; };
		EB972E331DB1F2FA00715881 /* ViewController.swift in Sources */ = {isa = PBXBuildFile; fileRef = EB972E321DB1F2FA00715881 /* ViewController.swift */; };
		EB972E361DB1F2FA00715881 /* Main.storyboard in Resources */ = {isa = PBXBuildFile; fileRef = EB972E341DB1F2FA00715881 /* Main.storyboard */; };
		EB972E381DB1F2FA00715881 /* Assets.xcassets in Resources */ = {isa = PBXBuildFile; fileRef = EB972E371DB1F2FA00715881 /* Assets.xcassets */; };
		EB972E3B1DB1F2FA00715881 /* LaunchScreen.storyboard in Resources */ = {isa = PBXBuildFile; fileRef = EB972E391DB1F2FA00715881 /* LaunchScreen.storyboard */; };
/* End PBXBuildFile section */

/* Begin PBXFileReference section */
		EB7A7E341DB227530040544C /* BBOCollectionViewFlowLayout.swift */ = {isa = PBXFileReference; fileEncoding = 4; lastKnownFileType = sourcecode.swift; path = BBOCollectionViewFlowLayout.swift; sourceTree = "<group>"; };
		EB7A7E361DB250CE0040544C /* CollectionViewCell.xib */ = {isa = PBXFileReference; fileEncoding = 4; lastKnownFileType = file.xib; path = CollectionViewCell.xib; sourceTree = "<group>"; };
		EB7A7E371DB250CE0040544C /* CollectionViewHeader.xib */ = {isa = PBXFileReference; fileEncoding = 4; lastKnownFileType = file.xib; path = CollectionViewHeader.xib; sourceTree = "<group>"; };
		EB972E2D1DB1F2FA00715881 /* testcvc.app */ = {isa = PBXFileReference; explicitFileType = wrapper.application; includeInIndex = 0; path = testcvc.app; sourceTree = BUILT_PRODUCTS_DIR; };
		EB972E301DB1F2FA00715881 /* AppDelegate.swift */ = {isa = PBXFileReference; lastKnownFileType = sourcecode.swift; path = AppDelegate.swift; sourceTree = "<group>"; };
		EB972E321DB1F2FA00715881 /* ViewController.swift */ = {isa = PBXFileReference; lastKnownFileType = sourcecode.swift; path = ViewController.swift; sourceTree = "<group>"; };
		EB972E351DB1F2FA00715881 /* Base */ = {isa = PBXFileReference; lastKnownFileType = file.storyboard; name = Base; path = Base.lproj/Main.storyboard; sourceTree = "<group>"; };
		EB972E371DB1F2FA00715881 /* Assets.xcassets */ = {isa = PBXFileReference; lastKnownFileType = folder.assetcatalog; path = Assets.xcassets; sourceTree = "<group>"; };
		EB972E3A1DB1F2FA00715881 /* Base */ = {isa = PBXFileReference; lastKnownFileType = file.storyboard; name = Base; path = Base.lproj/LaunchScreen.storyboard; sourceTree = "<group>"; };
		EB972E3C1DB1F2FA00715881 /* Info.plist */ = {isa = PBXFileReference; lastKnownFileType = text.plist.xml; path = Info.plist; sourceTree = "<group>"; };
/* End PBXFileReference section */

/* Begin PBXFrameworksBuildPhase section */
		EB972E2A1DB1F2FA00715881 /* Frameworks */ = {
			isa = PBXFrameworksBuildPhase;
			buildActionMask = 2147483647;
			files = (
			);
			runOnlyForDeploymentPostprocessing = 0;
		};
/* End PBXFrameworksBuildPhase section */

/* Begin PBXGroup section */
		EB972E241DB1F2FA00715881 = {
			isa = PBXGroup;
			children = (
				EB972E2F1DB1F2FA00715881 /* testcvc */,
				EB972E2E1DB1F2FA00715881 /* Products */,
			);
			sourceTree = "<group>";
		};
		EB972E2E1DB1F2FA00715881 /* Products */ = {
			isa = PBXGroup;
			children = (
				EB972E2D1DB1F2FA00715881 /* testcvc.app */,
			);
			name = Products;
			sourceTree = "<group>";
		};
		EB972E2F1DB1F2FA00715881 /* testcvc */ = {
			isa = PBXGroup;
			children = (
				EB972E301DB1F2FA00715881 /* AppDelegate.swift */,
				EB972E321DB1F2FA00715881 /* ViewController.swift */,
				EB7A7E341DB227530040544C /* BBOCollectionViewFlowLayout.swift */,
				EB972E341DB1F2FA00715881 /* Main.storyboard */,
				EB972E371DB1F2FA00715881 /* Assets.xcassets */,
				EB7A7E361DB250CE0040544C /* CollectionViewCell.xib */,
				EB7A7E371DB250CE0040544C /* CollectionViewHeader.xib */,
				EB972E391DB1F2FA00715881 /* LaunchScreen.storyboard */,
				EB972E3C1DB1F2FA00715881 /* Info.plist */,
			);
			path = testcvc;
			sourceTree = "<group>";
		};
/* End PBXGroup section */

/* Begin PBXNativeTarget section */
		EB972E2C1DB1F2FA00715881 /* testcvc */ = {
			isa = PBXNativeTarget;
			buildConfigurationList = EB972E3F1DB1F2FA00715881 /* Build configuration list for PBXNativeTarget "testcvc" */;
			buildPhases = (
				EB972E291DB1F2FA00715881 /* Sources */,
				EB972E2A1DB1F2FA00715881 /* Frameworks */,
				EB972E2B1DB1F2FA00715881 /* Resources */,
			);
			buildRules = (
			);
			dependencies = (
			);
			name = testcvc;
			productName = testcvc;
			productReference = EB972E2D1DB1F2FA00715881 /* testcvc.app */;
			productType = "com.apple.product-type.application";
		};
/* End PBXNativeTarget section */

/* Begin PBXProject section */
		EB972E251DB1F2FA00715881 /* Project object */ = {
			isa = PBXProject;
			attributes = {
				LastSwiftUpdateCheck = 0730;
				LastUpgradeCheck = 0730;
				ORGANIZATIONNAME = miang;
				TargetAttributes = {
					EB972E2C1DB1F2FA00715881 = {
						CreatedOnToolsVersion = 7.3.1;
					};
				};
			};
			buildConfigurationList = EB972E281DB1F2FA00715881 /* Build configuration list for PBXProject "testcvc" */;
			compatibilityVersion = "Xcode 3.2";
			developmentRegion = English;
			hasScannedForEncodings = 0;
			knownRegions = (
				en,
				Base,
			);
			mainGroup = EB972E241DB1F2FA00715881;
			productRefGroup = EB972E2E1DB1F2FA00715881 /* Products */;
			projectDirPath = "";
			projectRoot = "";
			targets = (
				EB972E2C1DB1F2FA00715881 /* testcvc */,
			);
		};
/* End PBXProject section */

/* Begin PBXResourcesBuildPhase section */
		EB972E2B1DB1F2FA00715881 /* Resources */ = {
			isa = PBXResourcesBuildPhase;
			buildActionMask = 2147483647;
			files = (
				EB7A7E391DB250CE0040544C /* CollectionViewHeader.xib in Resources */,
				EB972E3B1DB1F2FA00715881 /* LaunchScreen.storyboard in Resources */,
				EB972E381DB1F2FA00715881 /* Assets.xcassets in Resources */,
				EB7A7E381DB250CE0040544C /* CollectionViewCell.xib in Resources */,
				EB972E361DB1F2FA00715881 /* Main.storyboard in Resources */,
			);
			runOnlyForDeploymentPostprocessing = 0;
		};
/* End PBXResourcesBuildPhase section */

/* Begin PBXSourcesBuildPhase section */
		EB972E291DB1F2FA00715881 /* Sources */ = {
			isa = PBXSourcesBuildPhase;
			buildActionMask = 2147483647;
			files = (
				EB972E331DB1F2FA00715881 /* ViewController.swift in Sources */,
				EB972E311DB1F2FA00715881 /* AppDelegate.swift in Sources */,
				EB7A7E351DB227530040544C /* BBOCollectionViewFlowLayout.swift in Sources */,
			);
			runOnlyForDeploymentPostprocessing = 0;
		};
/* End PBXSourcesBuildPhase section */

/* Begin PBXVariantGroup section */
		EB972E341DB1F2FA00715881 /* Main.storyboard */ = {
			isa = PBXVariantGroup;
			children = (
				EB972E351DB1F2FA00715881 /* Base */,
			);
			name = Main.storyboard;
			sourceTree = "<group>";
		};
		EB972E391DB1F2FA00715881 /* LaunchScreen.storyboard */ = {
			isa = PBXVariantGroup;
			children = (
				EB972E3A1DB1F2FA00715881 /* Base */,
			);
			name = LaunchScreen.storyboard;
			sourceTree = "<group>";
		};
/* End PBXVariantGroup section */

/* Begin XCBuildConfiguration section */
		EB972E3D1DB1F2FA00715881 /* Debug */ = {
			isa = XCBuildConfiguration;
			buildSettings = {
				ALWAYS_SEARCH_USER_PATHS = NO;
				CLANG_ANALYZER_NONNULL = YES;
				CLANG_CXX_LANGUAGE_STANDARD = "gnu++0x";
				CLANG_CXX_LIBRARY = "libc++";
				CLANG_ENABLE_MODULES = YES;
				CLANG_ENABLE_OBJC_ARC = YES;
				CLANG_WARN_BOOL_CONVERSION = YES;
				CLANG_WARN_CONSTANT_CONVERSION = YES;
				CLANG_WARN_DIRECT_OBJC_ISA_USAGE = YES_ERROR;
				CLANG_WARN_EMPTY_BODY = YES;
				CLANG_WARN_ENUM_CONVERSION = YES;
				CLANG_WARN_INT_CONVERSION = YES;
				CLANG_WARN_OBJC_ROOT_CLASS = YES_ERROR;
				CLANG_WARN_UNREACHABLE_CODE = YES;
				CLANG_WARN__DUPLICATE_METHOD_MATCH = YES;
				"CODE_SIGN_IDENTITY[sdk=iphoneos*]" = "iPhone Developer";
				COPY_PHASE_STRIP = NO;
				DEBUG_INFORMATION_FORMAT = dwarf;
				ENABLE_STRICT_OBJC_MSGSEND = YES;
				ENABLE_TESTABILITY = YES;
				GCC_C_LANGUAGE_STANDARD = gnu99;
				GCC_DYNAMIC_NO_PIC = NO;
				GCC_NO_COMMON_BLOCKS = YES;
				GCC_OPTIMIZATION_LEVEL = 0;
				GCC_PREPROCESSOR_DEFINITIONS = (
					"DEBUG=1",
					"$(inherited)",
				);
				GCC_WARN_64_TO_32_BIT_CONVERSION = YES;
				GCC_WARN_ABOUT_RETURN_TYPE = YES_ERROR;
				GCC_WARN_UNDECLARED_SELECTOR = YES;
				GCC_WARN_UNINITIALIZED_AUTOS = YES_AGGRESSIVE;
				GCC_WARN_UNUSED_FUNCTION = YES;
				GCC_WARN_UNUSED_VARIABLE = YES;
				IPHONEOS_DEPLOYMENT_TARGET = 9.3;
				MTL_ENABLE_DEBUG_INFO = YES;
				ONLY_ACTIVE_ARCH = YES;
				SDKROOT = iphoneos;
				SWIFT_OPTIMIZATION_LEVEL = "-Onone";
				TARGETED_DEVICE_FAMILY = "1,2";
			};
			name = Debug;
		};
		EB972E3E1DB1F2FA00715881 /* Release */ = {
			isa = XCBuildConfiguration;
			buildSettings = {
				ALWAYS_SEARCH_USER_PATHS = NO;
				CLANG_ANALYZER_NONNULL = YES;
				CLANG_CXX_LANGUAGE_STANDARD = "gnu++0x";
				CLANG_CXX_LIBRARY = "libc++";
				CLANG_ENABLE_MODULES = YES;
				CLANG_ENABLE_OBJC_ARC = YES;
				CLANG_WARN_BOOL_CONVERSION = YES;
				CLANG_WARN_CONSTANT_CONVERSION = YES;
				CLANG_WARN_DIRECT_OBJC_ISA_USAGE = YES_ERROR;
				CLANG_WARN_EMPTY_BODY = YES;
				CLANG_WARN_ENUM_CONVERSION = YES;
				CLANG_WARN_INT_CONVERSION = YES;
				CLANG_WARN_OBJC_ROOT_CLASS = YES_ERROR;
				CLANG_WARN_UNREACHABLE_CODE = YES;
				CLANG_WARN__DUPLICATE_METHOD_MATCH = YES;
				"CODE_SIGN_IDENTITY[sdk=iphoneos*]" = "iPhone Developer";
				COPY_PHASE_STRIP = NO;
				DEBUG_INFORMATION_FORMAT = "dwarf-with-dsym";
				ENABLE_NS_ASSERTIONS = NO;
				ENABLE_STRICT_OBJC_MSGSEND = YES;
				GCC_C_LANGUAGE_STANDARD = gnu99;
				GCC_NO_COMMON_BLOCKS = YES;
				GCC_WARN_64_TO_32_BIT_CONVERSION = YES;
				GCC_WARN_ABOUT_RETURN_TYPE = YES_ERROR;
				GCC_WARN_UNDECLARED_SELECTOR = YES;
				GCC_WARN_UNINITIALIZED_AUTOS = YES_AGGRESSIVE;
				GCC_WARN_UNUSED_FUNCTION = YES;
				GCC_WARN_UNUSED_VARIABLE = YES;
				IPHONEOS_DEPLOYMENT_TARGET = 9.3;
				MTL_ENABLE_DEBUG_INFO = NO;
				SDKROOT = iphoneos;
				TARGETED_DEVICE_FAMILY = "1,2";
				VALIDATE_PRODUCT = YES;
			};
			name = Release;
		};
		EB972E401DB1F2FA00715881 /* Debug */ = {
			isa = XCBuildConfiguration;
			buildSettings = {
				ASSETCATALOG_COMPILER_APPICON_NAME = AppIcon;
				INFOPLIST_FILE = testcvc/Info.plist;
				LD_RUNPATH_SEARCH_PATHS = "$(inherited) @executable_path/Frameworks";
				PRODUCT_BUNDLE_IDENTIFIER = com.Miang.testcvc;
				PRODUCT_NAME = "$(TARGET_NAME)";
			};
			name = Debug;
		};
		EB972E411DB1F2FA00715881 /* Release */ = {
			isa = XCBuildConfiguration;
			buildSettings = {
				ASSETCATALOG_COMPILER_APPICON_NAME = AppIcon;
				INFOPLIST_FILE = testcvc/Info.plist;
				LD_RUNPATH_SEARCH_PATHS = "$(inherited) @executable_path/Frameworks";
				PRODUCT_BUNDLE_IDENTIFIER = com.Miang.testcvc;
				PRODUCT_NAME = "$(TARGET_NAME)";
			};
			name = Release;
		};
/* End XCBuildConfiguration section */

/* Begin XCConfigurationList section */
		EB972E281DB1F2FA00715881 /* Build configuration list for PBXProject "testcvc" */ = {
			isa = XCConfigurationList;
			buildConfigurations = (
				EB972E3D1DB1F2FA00715881 /* Debug */,
				EB972E3E1DB1F2FA00715881 /* Release */,
			);
			defaultConfigurationIsVisible = 0;
			defaultConfigurationName = Release;
		};
		EB972E3F1DB1F2FA00715881 /* Build configuration list for PBXNativeTarget "testcvc" */ = {
			isa = XCConfigurationList;
			buildConfigurations = (
				EB972E401DB1F2FA00715881 /* Debug */,
				EB972E411DB1F2FA00715881 /* Release */,
			);
			defaultConfigurationIsVisible = 0;
			defaultConfigurationName = Release;
		};
/* End XCConfigurationList section */
	};
	rootObject = EB972E251DB1F2FA00715881 /* Project object */;
}
